
Microsoft Visual Studio Solution File, Format Version 12.00
# Visual Studio Version 16
VisualStudioVersion = 16.0.34729.46
MinimumVisualStudioVersion = 10.0.40219.1
Project("{FAE04EC0-301F-11D3-BF4B-00C04F79EFBC}") = "ISNP205923-Bloque1", "ISNP205923-Bloque1\ISNP205923-Bloque1.csproj", "{8C524FEE-4FC5-46D8-933C-3CAA0E572417}"
EndProject
Global
	GlobalSection(SolutionConfigurationPlatforms) = preSolution
		Debug|Any CPU = Debug|Any CPU
		Release|Any CPU = Release|Any CPU
	EndGlobalSection
	GlobalSection(ProjectConfigurationPlatforms) = postSolution
		{8C524FEE-4FC5-46D8-933C-3CAA0E572417}.Debug|Any CPU.ActiveCfg = Debug|Any CPU
		{8C524FEE-4FC5-46D8-933C-3CAA0E572417}.Debug|Any CPU.Build.0 = Debug|Any CPU
		{8C524FEE-4FC5-46D8-933C-3CAA0E572417}.Release|Any CPU.ActiveCfg = Release|Any CPU
		{8C524FEE-4FC5-46D8-933C-3CAA0E572417}.Release|Any CPU.Build.0 = Release|Any CPU
	EndGlobalSection
	GlobalSection(SolutionProperties) = preSolution
		HideSolutionNode = FALSE
	EndGlobalSection
	GlobalSection(ExtensibilityGlobals) = postSolution
		SolutionGuid = {075986D1-5843-48D6-9786-7638FCD962B6}
	EndGlobalSection
EndGlobal
